
Microsoft Visual Studio Solution File, Format Version 12.00
# Visual Studio Version 17
VisualStudioVersion = 17.0.31903.59
MinimumVisualStudioVersion = 10.0.40219.1
Project("{2150E333-8FDC-42A3-9474-1A3956D46DE8}") = "src", "src", "{827E0CD3-B72D-47B6-A68D-7590B98EB39B}"
EndProject
Project("{FAE04EC0-301F-11D3-BF4B-00C04F79EFBC}") = "App.Domain", "src\App.Domain\App.Domain.csproj", "{A5545B76-0381-4CC6-9067-157FF8D2DE22}"
EndProject
Project("{FAE04EC0-301F-11D3-BF4B-00C04F79EFBC}") = "App.Core", "src\App.Core\App.Core.csproj", "{47A3B3F1-9C36-4AA2-8766-7AA56E9E7862}"
EndProject
Project("{FAE04EC0-301F-11D3-BF4B-00C04F79EFBC}") = "App.Infrastructure", "src\App.Infrastructure\App.Infrastructure.csproj", "{C0CDAAEB-3564-49A8-A548-A423F26F069E}"
EndProject
Project("{FAE04EC0-301F-11D3-BF4B-00C04F79EFBC}") = "App.Services", "src\App.Services\App.Services.csproj", "{A21C0E0B-F3C3-453A-B69B-FB829A318170}"
EndProject
Project("{FAE04EC0-301F-11D3-BF4B-00C04F79EFBC}") = "App.UI", "src\App.UI\App.UI.csproj", "{2AEDD8D4-2BED-4812-B05C-D927E1E7A2ED}"
EndProject
Project("{FAE04EC0-301F-11D3-BF4B-00C04F79EFBC}") = "App.CLI", "src\App.CLI\App.CLI.csproj", "{23EEBA0A-4052-430A-8B02-CAA7B254E2C2}"
EndProject
Project("{FAE04EC0-301F-11D3-BF4B-00C04F79EFBC}") = "App.Tests", "tests\App.Tests\App.Tests.csproj", "{57D60E32-186B-45D4-8F73-FD7EED7DD0CB}"
EndProject
Global
	GlobalSection(SolutionConfigurationPlatforms) = preSolution
		Debug|Any CPU = Debug|Any CPU
		Debug|x64 = Debug|x64
		Debug|x86 = Debug|x86
		Release|Any CPU = Release|Any CPU
		Release|x64 = Release|x64
		Release|x86 = Release|x86
	EndGlobalSection
	GlobalSection(ProjectConfigurationPlatforms) = postSolution
		{A5545B76-0381-4CC6-9067-157FF8D2DE22}.Debug|Any CPU.ActiveCfg = Debug|Any CPU
		{A5545B76-0381-4CC6-9067-157FF8D2DE22}.Debug|Any CPU.Build.0 = Debug|Any CPU
		{A5545B76-0381-4CC6-9067-157FF8D2DE22}.Debug|x64.ActiveCfg = Debug|Any CPU
		{A5545B76-0381-4CC6-9067-157FF8D2DE22}.Debug|x64.Build.0 = Debug|Any CPU
		{A5545B76-0381-4CC6-9067-157FF8D2DE22}.Debug|x86.ActiveCfg = Debug|Any CPU
		{A5545B76-0381-4CC6-9067-157FF8D2DE22}.Debug|x86.Build.0 = Debug|Any CPU
		{A5545B76-0381-4CC6-9067-157FF8D2DE22}.Release|Any CPU.ActiveCfg = Release|Any CPU
		{A5545B76-0381-4CC6-9067-157FF8D2DE22}.Release|Any CPU.Build.0 = Release|Any CPU
		{A5545B76-0381-4CC6-9067-157FF8D2DE22}.Release|x64.ActiveCfg = Release|Any CPU
		{A5545B76-0381-4CC6-9067-157FF8D2DE22}.Release|x64.Build.0 = Release|Any CPU
		{A5545B76-0381-4CC6-9067-157FF8D2DE22}.Release|x86.ActiveCfg = Release|Any CPU
		{A5545B76-0381-4CC6-9067-157FF8D2DE22}.Release|x86.Build.0 = Release|Any CPU
		{47A3B3F1-9C36-4AA2-8766-7AA56E9E7862}.Debug|Any CPU.ActiveCfg = Debug|Any CPU
		{47A3B3F1-9C36-4AA2-8766-7AA56E9E7862}.Debug|Any CPU.Build.0 = Debug|Any CPU
		{47A3B3F1-9C36-4AA2-8766-7AA56E9E7862}.Debug|x64.ActiveCfg = Debug|Any CPU
		{47A3B3F1-9C36-4AA2-8766-7AA56E9E7862}.Debug|x64.Build.0 = Debug|Any CPU
		{47A3B3F1-9C36-4AA2-8766-7AA56E9E7862}.Debug|x86.ActiveCfg = Debug|Any CPU
		{47A3B3F1-9C36-4AA2-8766-7AA56E9E7862}.Debug|x86.Build.0 = Debug|Any CPU
		{47A3B3F1-9C36-4AA2-8766-7AA56E9E7862}.Release|Any CPU.ActiveCfg = Release|Any CPU
		{47A3B3F1-9C36-4AA2-8766-7AA56E9E7862}.Release|Any CPU.Build.0 = Release|Any CPU
		{47A3B3F1-9C36-4AA2-8766-7AA56E9E7862}.Release|x64.ActiveCfg = Release|Any CPU
		{47A3B3F1-9C36-4AA2-8766-7AA56E9E7862}.Release|x64.Build.0 = Release|Any CPU
		{47A3B3F1-9C36-4AA2-8766-7AA56E9E7862}.Release|x86.ActiveCfg = Release|Any CPU
		{47A3B3F1-9C36-4AA2-8766-7AA56E9E7862}.Release|x86.Build.0 = Release|Any CPU
		{C0CDAAEB-3564-49A8-A548-A423F26F069E}.Debug|Any CPU.ActiveCfg = Debug|Any CPU
		{C0CDAAEB-3564-49A8-A548-A423F26F069E}.Debug|Any CPU.Build.0 = Debug|Any CPU
		{C0CDAAEB-3564-49A8-A548-A423F26F069E}.Debug|x64.ActiveCfg = Debug|Any CPU
		{C0CDAAEB-3564-49A8-A548-A423F26F069E}.Debug|x64.Build.0 = Debug|Any CPU
		{C0CDAAEB-3564-49A8-A548-A423F26F069E}.Debug|x86.ActiveCfg = Debug|Any CPU
		{C0CDAAEB-3564-49A8-A548-A423F26F069E}.Debug|x86.Build.0 = Debug|Any CPU
		{C0CDAAEB-3564-49A8-A548-A423F26F069E}.Release|Any CPU.ActiveCfg = Release|Any CPU
		{C0CDAAEB-3564-49A8-A548-A423F26F069E}.Release|Any CPU.Build.0 = Release|Any CPU
		{C0CDAAEB-3564-49A8-A548-A423F26F069E}.Release|x64.ActiveCfg = Release|Any CPU
		{C0CDAAEB-3564-49A8-A548-A423F26F069E}.Release|x64.Build.0 = Release|Any CPU
		{C0CDAAEB-3564-49A8-A548-A423F26F069E}.Release|x86.ActiveCfg = Release|Any CPU
		{C0CDAAEB-3564-49A8-A548-A423F26F069E}.Release|x86.Build.0 = Release|Any CPU
		{A21C0E0B-F3C3-453A-B69B-FB829A318170}.Debug|Any CPU.ActiveCfg = Debug|Any CPU
		{A21C0E0B-F3C3-453A-B69B-FB829A318170}.Debug|Any CPU.Build.0 = Debug|Any CPU
		{A21C0E0B-F3C3-453A-B69B-FB829A318170}.Debug|x64.ActiveCfg = Debug|Any CPU
		{A21C0E0B-F3C3-453A-B69B-FB829A318170}.Debug|x64.Build.0 = Debug|Any CPU
		{A21C0E0B-F3C3-453A-B69B-FB829A318170}.Debug|x86.ActiveCfg = Debug|Any CPU
		{A21C0E0B-F3C3-453A-B69B-FB829A318170}.Debug|x86.Build.0 = Debug|Any CPU
		{A21C0E0B-F3C3-453A-B69B-FB829A318170}.Release|Any CPU.ActiveCfg = Release|Any CPU
		{A21C0E0B-F3C3-453A-B69B-FB829A318170}.Release|Any CPU.Build.0 = Release|Any CPU
		{A21C0E0B-F3C3-453A-B69B-FB829A318170}.Release|x64.ActiveCfg = Release|Any CPU
		{A21C0E0B-F3C3-453A-B69B-FB829A318170}.Release|x64.Build.0 = Release|Any CPU
		{A21C0E0B-F3C3-453A-B69B-FB829A318170}.Release|x86.ActiveCfg = Release|Any CPU
		{A21C0E0B-F3C3-453A-B69B-FB829A318170}.Release|x86.Build.0 = Release|Any CPU
		{2AEDD8D4-2BED-4812-B05C-D927E1E7A2ED}.Debug|Any CPU.ActiveCfg = Debug|Any CPU
		{2AEDD8D4-2BED-4812-B05C-D927E1E7A2ED}.Debug|Any CPU.Build.0 = Debug|Any CPU
		{2AEDD8D4-2BED-4812-B05C-D927E1E7A2ED}.Debug|x64.ActiveCfg = Debug|Any CPU
		{2AEDD8D4-2BED-4812-B05C-D927E1E7A2ED}.Debug|x64.Build.0 = Debug|Any CPU
		{2AEDD8D4-2BED-4812-B05C-D927E1E7A2ED}.Debug|x86.ActiveCfg = Debug|Any CPU
		{2AEDD8D4-2BED-4812-B05C-D927E1E7A2ED}.Debug|x86.Build.0 = Debug|Any CPU
		{2AEDD8D4-2BED-4812-B05C-D927E1E7A2ED}.Release|Any CPU.ActiveCfg = Release|Any CPU
		{2AEDD8D4-2BED-4812-B05C-D927E1E7A2ED}.Release|Any CPU.Build.0 = Release|Any CPU
		{2AEDD8D4-2BED-4812-B05C-D927E1E7A2ED}.Release|x64.ActiveCfg = Release|Any CPU
		{2AEDD8D4-2BED-4812-B05C-D927E1E7A2ED}.Release|x64.Build.0 = Release|Any CPU
		{2AEDD8D4-2BED-4812-B05C-D927E1E7A2ED}.Release|x86.ActiveCfg = Release|Any CPU
		{2AEDD8D4-2BED-4812-B05C-D927E1E7A2ED}.Release|x86.Build.0 = Release|Any CPU
		{23EEBA0A-4052-430A-8B02-CAA7B254E2C2}.Debug|Any CPU.ActiveCfg = Debug|Any CPU
		{23EEBA0A-4052-430A-8B02-CAA7B254E2C2}.Debug|Any CPU.Build.0 = Debug|Any CPU
		{23EEBA0A-4052-430A-8B02-CAA7B254E2C2}.Debug|x64.ActiveCfg = Debug|Any CPU
		{23EEBA0A-4052-430A-8B02-CAA7B254E2C2}.Debug|x64.Build.0 = Debug|Any CPU
		{23EEBA0A-4052-430A-8B02-CAA7B254E2C2}.Debug|x86.ActiveCfg = Debug|Any CPU
		{23EEBA0A-4052-430A-8B02-CAA7B254E2C2}.Debug|x86.Build.0 = Debug|Any CPU
		{23EEBA0A-4052-430A-8B02-CAA7B254E2C2}.Release|Any CPU.ActiveCfg = Release|Any CPU
		{23EEBA0A-4052-430A-8B02-CAA7B254E2C2}.Release|Any CPU.Build.0 = Release|Any CPU
		{23EEBA0A-4052-430A-8B02-CAA7B254E2C2}.Release|x64.ActiveCfg = Release|Any CPU
		{23EEBA0A-4052-430A-8B02-CAA7B254E2C2}.Release|x64.Build.0 = Release|Any CPU
		{23EEBA0A-4052-430A-8B02-CAA7B254E2C2}.Release|x86.ActiveCfg = Release|Any CPU
		{23EEBA0A-4052-430A-8B02-CAA7B254E2C2}.Release|x86.Build.0 = Release|Any CPU
		{57D60E32-186B-45D4-8F73-FD7EED7DD0CB}.Debug|Any CPU.ActiveCfg = Debug|Any CPU
		{57D60E32-186B-45D4-8F73-FD7EED7DD0CB}.Debug|Any CPU.Build.0 = Debug|Any CPU
		{57D60E32-186B-45D4-8F73-FD7EED7DD0CB}.Debug|x64.ActiveCfg = Debug|Any CPU
		{57D60E32-186B-45D4-8F73-FD7EED7DD0CB}.Debug|x64.Build.0 = Debug|Any CPU
		{57D60E32-186B-45D4-8F73-FD7EED7DD0CB}.Debug|x86.ActiveCfg = Debug|Any CPU
		{57D60E32-186B-45D4-8F73-FD7EED7DD0CB}.Debug|x86.Build.0 = Debug|Any CPU
		{57D60E32-186B-45D4-8F73-FD7EED7DD0CB}.Release|Any CPU.ActiveCfg = Release|Any CPU
		{57D60E32-186B-45D4-8F73-FD7EED7DD0CB}.Release|Any CPU.Build.0 = Release|Any CPU
		{57D60E32-186B-45D4-8F73-FD7EED7DD0CB}.Release|x64.ActiveCfg = Release|Any CPU
		{57D60E32-186B-45D4-8F73-FD7EED7DD0CB}.Release|x64.Build.0 = Release|Any CPU
		{57D60E32-186B-45D4-8F73-FD7EED7DD0CB}.Release|x86.ActiveCfg = Release|Any CPU
		{57D60E32-186B-45D4-8F73-FD7EED7DD0CB}.Release|x86.Build.0 = Release|Any CPU
	EndGlobalSection
	GlobalSection(SolutionProperties) = preSolution
		HideSolutionNode = FALSE
	EndGlobalSection
	GlobalSection(NestedProjects) = preSolution
		{A5545B76-0381-4CC6-9067-157FF8D2DE22} = {827E0CD3-B72D-47B6-A68D-7590B98EB39B}
		{47A3B3F1-9C36-4AA2-8766-7AA56E9E7862} = {827E0CD3-B72D-47B6-A68D-7590B98EB39B}
		{C0CDAAEB-3564-49A8-A548-A423F26F069E} = {827E0CD3-B72D-47B6-A68D-7590B98EB39B}
		{A21C0E0B-F3C3-453A-B69B-FB829A318170} = {827E0CD3-B72D-47B6-A68D-7590B98EB39B}
		{2AEDD8D4-2BED-4812-B05C-D927E1E7A2ED} = {827E0CD3-B72D-47B6-A68D-7590B98EB39B}
		{23EEBA0A-4052-430A-8B02-CAA7B254E2C2} = {827E0CD3-B72D-47B6-A68D-7590B98EB39B}
		{57D60E32-186B-45D4-8F73-FD7EED7DD0CB} = {827E0CD3-B72D-47B6-A68D-7590B98EB39B}
	EndGlobalSection
EndGlobal
